// !$*UTF8*$!
{
	archiveVersion = 1;
	classes = {
	};
	objectVersion = 77;
	objects = {

/* Begin PBXBuildFile section */
		ACC4E0712F189B350067658A /* Auth in Frameworks */ = {isa = PBXBuildFile; productRef = ACC4E0702F189B350067658A /* Auth */; };
		ACC4E0732F189B350067658A /* Functions in Frameworks */ = {isa = PBXBuildFile; productRef = ACC4E0722F189B350067658A /* Functions */; };
		ACC4E0752F189B350067658A /* PostgREST in Frameworks */ = {isa = PBXBuildFile; productRef = ACC4E0742F189B350067658A /* PostgREST */; };
		ACC4E0772F189B350067658A /* Realtime in Frameworks */ = {isa = PBXBuildFile; productRef = ACC4E0762F189B350067658A /* Realtime */; };
		ACC4E0792F189B350067658A /* Storage in Frameworks */ = {isa = PBXBuildFile; productRef = ACC4E0782F189B350067658A /* Storage */; };
		ACC4E07B2F189B350067658A /* Supabase in Frameworks */ = {isa = PBXBuildFile; productRef = ACC4E07A2F189B350067658A /* Supabase */; };
		GMS4E07D2F189B350067658A /* GoogleMaps in Frameworks */ = {isa = PBXBuildFile; productRef = GMS4E07C2F189B350067658A /* GoogleMaps */; };
		PHG4E07F2F189B350067658A /* PostHog in Frameworks */ = {isa = PBXBuildFile; productRef = PHG4E07E2F189B350067658A /* PostHog */; };
/* End PBXBuildFile section */

/* Begin PBXFileReference section */
		ACC4DFB52F1887F20067658A /* kindling - screenshot gallery.app */ = {isa = PBXFileReference; explicitFileType = wrapper.application; includeInIndex = 0; path = "kindling - screenshot gallery.app"; sourceTree = BUILT_PRODUCTS_DIR; };
/* End PBXFileReference section */

/* Begin PBXFileSystemSynchronizedBuildFileExceptionSet section */
		ACC4DFC32F1887F40067658A /* Exceptions for "kindling" folder in "kindling" target */ = {
			isa = PBXFileSystemSynchronizedBuildFileExceptionSet;
			membershipExceptions = (
				Info.plist,
			);
			target = ACC4DFB42F1887F20067658A /* kindling */;
		};
/* End PBXFileSystemSynchronizedBuildFileExceptionSet section */

/* Begin PBXFileSystemSynchronizedRootGroup section */
		ACC4DFB72F1887F20067658A /* kindling */ = {
			isa = PBXFileSystemSynchronizedRootGroup;
			exceptions = (
				ACC4DFC32F1887F40067658A /* Exceptions for "kindling" folder in "kindling" target */,
			);
			path = kindling;
			sourceTree = "<group>";
		};
/* End PBXFileSystemSynchronizedRootGroup section */

/* Begin PBXFrameworksBuildPhase section */
		ACC4DFB22F1887F20067658A /* Frameworks */ = {
			isa = PBXFrameworksBuildPhase;
			buildActionMask = 2147483647;
			files = (
				PHG4E07F2F189B350067658A /* PostHog in Frameworks */,
				ACC4E0752F189B350067658A /* PostgREST in Frameworks */,
				ACC4E0732F189B350067658A /* Functions in Frameworks */,
				ACC4E07B2F189B350067658A /* Supabase in Frameworks */,
				ACC4E0712F189B350067658A /* Auth in Frameworks */,
				ACC4E0792F189B350067658A /* Storage in Frameworks */,
				ACC4E0772F189B350067658A /* Realtime in Frameworks */,
				GMS4E07D2F189B350067658A /* GoogleMaps in Frameworks */,
			);
			runOnlyForDeploymentPostprocessing = 0;
		};
/* End PBXFrameworksBuildPhase section */

/* Begin PBXGroup section */
		ACC4DFAC2F1887F20067658A = {
			isa = PBXGroup;
			children = (
				ACC4DFB62F1887F20067658A /* Products */,
				ACC4DFB72F1887F20067658A /* kindling */,
			);
			sourceTree = "<group>";
		};
		ACC4DFB62F1887F20067658A /* Products */ = {
			isa = PBXGroup;
			children = (
				ACC4DFB52F1887F20067658A /* kindling - screenshot gallery.app */,
			);
			name = Products;
			sourceTree = "<group>";
		};
/* End PBXGroup section */

/* Begin PBXNativeTarget section */
		ACC4DFB42F1887F20067658A /* kindling */ = {
			isa = PBXNativeTarget;
			buildConfigurationList = ACC4DFC02F1887F30067658A /* Build configuration list for PBXNativeTarget "kindling" */;
			buildPhases = (
				ACC4DFB12F1887F20067658A /* Sources */,
				ACC4DFB22F1887F20067658A /* Frameworks */,
				ACC4DFB32F1887F20067658A /* Resources */,
			);
			buildRules = (
			);
			dependencies = (
			);
			fileSystemSynchronizedGroups = (
				ACC4DFB72F1887F20067658A /* kindling */,
			);
			name = kindling;
			packageProductDependencies = (
				ACC4E0702F189B350067658A /* Auth */,
				ACC4E0722F189B350067658A /* Functions */,
				ACC4E0742F189B350067658A /* PostgREST */,
				ACC4E0762F189B350067658A /* Realtime */,
				ACC4E0782F189B350067658A /* Storage */,
				ACC4E07A2F189B350067658A /* Supabase */,
				GMS4E07C2F189B350067658A /* GoogleMaps */,
				PHG4E07E2F189B350067658A /* PostHog */,
			);
			productName = kindling;
			productReference = ACC4DFB52F1887F20067658A /* kindling - screenshot gallery.app */;
			productType = "com.apple.product-type.application";
		};
/* End PBXNativeTarget section */

/* Begin PBXProject section */
		ACC4DFAD2F1887F20067658A /* Project object */ = {
			isa = PBXProject;
			attributes = {
				BuildIndependentTargetsInParallel = 1;
				LastSwiftUpdateCheck = 2620;
				LastUpgradeCheck = 2650;
				TargetAttributes = {
					ACC4DFB42F1887F20067658A = {
						CreatedOnToolsVersion = 26.2;
					};
				};
			};
			buildConfigurationList = ACC4DFB02F1887F20067658A /* Build configuration list for PBXProject "kindling" */;
			developmentRegion = en;
			hasScannedForEncodings = 0;
			knownRegions = (
				en,
				Base,
			);
			mainGroup = ACC4DFAC2F1887F20067658A;
			minimizedProjectReferenceProxies = 1;
			packageReferences = (
				ACC4E06F2F189B350067658A /* XCRemoteSwiftPackageReference "supabase-swift" */,
				GMS4E07B2F189B350067658A /* XCRemoteSwiftPackageReference "ios-maps-sdk" */,
				PHG4E07D2F189B350067658A /* XCRemoteSwiftPackageReference "posthog-ios" */,
			);
			preferredProjectObjectVersion = 77;
			productRefGroup = ACC4DFB62F1887F20067658A /* Products */;
			projectDirPath = "";
			projectRoot = "";
			targets = (
				ACC4DFB42F1887F20067658A /* kindling */,
			);
		};
/* End PBXProject section */

/* Begin PBXResourcesBuildPhase section */
		ACC4DFB32F1887F20067658A /* Resources */ = {
			isa = PBXResourcesBuildPhase;
			buildActionMask = 2147483647;
			files = (
			);
			runOnlyForDeploymentPostprocessing = 0;
		};
/* End PBXResourcesBuildPhase section */

/* Begin PBXSourcesBuildPhase section */
		ACC4DFB12F1887F20067658A /* Sources */ = {
			isa = PBXSourcesBuildPhase;
			buildActionMask = 2147483647;
			files = (
			);
			runOnlyForDeploymentPostprocessing = 0;
		};
/* End PBXSourcesBuildPhase section */

/* Begin XCBuildConfiguration section */
		ACC4DFBE2F1887F30067658A /* Debug */ = {
			isa = XCBuildConfiguration;
			buildSettings = {
				ALWAYS_SEARCH_USER_PATHS = NO;
				ASSETCATALOG_COMPILER_GENERATE_SWIFT_ASSET_SYMBOL_EXTENSIONS = YES;
				CLANG_ANALYZER_NONNULL = YES;
				CLANG_ANALYZER_NUMBER_OBJECT_CONVERSION = YES_AGGRESSIVE;
				CLANG_CXX_LANGUAGE_STANDARD = "gnu++20";
				CLANG_ENABLE_MODULES = YES;
				CLANG_ENABLE_OBJC_ARC = YES;
				CLANG_ENABLE_OBJC_WEAK = YES;
				CLANG_WARN_BLOCK_CAPTURE_AUTORELEASING = YES;
				CLANG_WARN_BOOL_CONVERSION = YES;
				CLANG_WARN_COMMA = YES;
				CLANG_WARN_CONSTANT_CONVERSION = YES;
				CLANG_WARN_DEPRECATED_OBJC_IMPLEMENTATIONS = YES;
				CLANG_WARN_DIRECT_OBJC_ISA_USAGE = YES_ERROR;
				CLANG_WARN_DOCUMENTATION_COMMENTS = YES;
				CLANG_WARN_EMPTY_BODY = YES;
				CLANG_WARN_ENUM_CONVERSION = YES;
				CLANG_WARN_INFINITE_RECURSION = YES;
				CLANG_WARN_INT_CONVERSION = YES;
				CLANG_WARN_NON_LITERAL_NULL_CONVERSION = YES;
				CLANG_WARN_OBJC_IMPLICIT_RETAIN_SELF = YES;
				CLANG_WARN_OBJC_LITERAL_CONVERSION = YES;
				CLANG_WARN_OBJC_ROOT_CLASS = YES_ERROR;
				CLANG_WARN_QUOTED_INCLUDE_IN_FRAMEWORK_HEADER = YES;
				CLANG_WARN_RANGE_LOOP_ANALYSIS = YES;
				CLANG_WARN_STRICT_PROTOTYPES = YES;
				CLANG_WARN_SUSPICIOUS_MOVE = YES;
				CLANG_WARN_UNGUARDED_AVAILABILITY = YES_AGGRESSIVE;
				CLANG_WARN_UNREACHABLE_CODE = YES;
				CLANG_WARN__DUPLICATE_METHOD_MATCH = YES;
				COPY_PHASE_STRIP = NO;
				DEBUG_INFORMATION_FORMAT = dwarf;
				DEVELOPMENT_TEAM = FDX72WZH23;
				ENABLE_STRICT_OBJC_MSGSEND = YES;
				ENABLE_TESTABILITY = YES;
				ENABLE_USER_SCRIPT_SANDBOXING = YES;
				GCC_C_LANGUAGE_STANDARD = gnu17;
				GCC_DYNAMIC_NO_PIC = NO;
				GCC_NO_COMMON_BLOCKS = YES;
				GCC_OPTIMIZATION_LEVEL = 0;
				GCC_PREPROCESSOR_DEFINITIONS = (
					"DEBUG=1",
					"$(inherited)",
				);
				GCC_WARN_64_TO_32_BIT_CONVERSION = YES;
				GCC_WARN_ABOUT_RETURN_TYPE = YES_ERROR;
				GCC_WARN_UNDECLARED_SELECTOR = YES;
				GCC_WARN_UNINITIALIZED_AUTOS = YES_AGGRESSIVE;
				GCC_WARN_UNUSED_FUNCTION = YES;
				GCC_WARN_UNUSED_VARIABLE = YES;
				IPHONEOS_DEPLOYMENT_TARGET = 26.2;
				LOCALIZATION_PREFERS_STRING_CATALOGS = YES;
				MTL_ENABLE_DEBUG_INFO = INCLUDE_SOURCE;
				MTL_FAST_MATH = YES;
				ONLY_ACTIVE_ARCH = YES;
				SDKROOT = iphoneos;
				STRING_CATALOG_GENERATE_SYMBOLS = YES;
				SWIFT_ACTIVE_COMPILATION_CONDITIONS = "DEBUG USE_LIVE_BACKEND $(inherited)";
				SWIFT_OPTIMIZATION_LEVEL = "-Onone";
			};
			name = Debug;
		};
		ACC4DFBF2F1887F30067658A /* Release */ = {
			isa = XCBuildConfiguration;
			buildSettings = {
				ALWAYS_SEARCH_USER_PATHS = NO;
				ASSETCATALOG_COMPILER_GENERATE_SWIFT_ASSET_SYMBOL_EXTENSIONS = YES;
				CLANG_ANALYZER_NONNULL = YES;
				CLANG_ANALYZER_NUMBER_OBJECT_CONVERSION = YES_AGGRESSIVE;
				CLANG_CXX_LANGUAGE_STANDARD = "gnu++20";
				CLANG_ENABLE_MODULES = YES;
				CLANG_ENABLE_OBJC_ARC = YES;
				CLANG_ENABLE_OBJC_WEAK = YES;
				CLANG_WARN_BLOCK_CAPTURE_AUTORELEASING = YES;
				CLANG_WARN_BOOL_CONVERSION = YES;
				CLANG_WARN_COMMA = YES;
				CLANG_WARN_CONSTANT_CONVERSION = YES;
				CLANG_WARN_DEPRECATED_OBJC_IMPLEMENTATIONS = YES;
				CLANG_WARN_DIRECT_OBJC_ISA_USAGE = YES_ERROR;
				CLANG_WARN_DOCUMENTATION_COMMENTS = YES;
				CLANG_WARN_EMPTY_BODY = YES;
				CLANG_WARN_ENUM_CONVERSION = YES;
				CLANG_WARN_INFINITE_RECURSION = YES;
				CLANG_WARN_INT_CONVERSION = YES;
				CLANG_WARN_NON_LITERAL_NULL_CONVERSION = YES;
				CLANG_WARN_OBJC_IMPLICIT_RETAIN_SELF = YES;
				CLANG_WARN_OBJC_LITERAL_CONVERSION = YES;
				CLANG_WARN_OBJC_ROOT_CLASS = YES_ERROR;
				CLANG_WARN_QUOTED_INCLUDE_IN_FRAMEWORK_HEADER = YES;
				CLANG_WARN_RANGE_LOOP_ANALYSIS = YES;
				CLANG_WARN_STRICT_PROTOTYPES = YES;
				CLANG_WARN_SUSPICIOUS_MOVE = YES;
				CLANG_WARN_UNGUARDED_AVAILABILITY = YES_AGGRESSIVE;
				CLANG_WARN_UNREACHABLE_CODE = YES;
				CLANG_WARN__DUPLICATE_METHOD_MATCH = YES;
				COPY_PHASE_STRIP = NO;
				DEBUG_INFORMATION_FORMAT = "dwarf-with-dsym";
				DEVELOPMENT_TEAM = FDX72WZH23;
				ENABLE_NS_ASSERTIONS = NO;
				ENABLE_STRICT_OBJC_MSGSEND = YES;
				ENABLE_USER_SCRIPT_SANDBOXING = YES;
				GCC_C_LANGUAGE_STANDARD = gnu17;
				GCC_NO_COMMON_BLOCKS = YES;
				GCC_WARN_64_TO_32_BIT_CONVERSION = YES;
				GCC_WARN_ABOUT_RETURN_TYPE = YES_ERROR;
				GCC_WARN_UNDECLARED_SELECTOR = YES;
				GCC_WARN_UNINITIALIZED_AUTOS = YES_AGGRESSIVE;
				GCC_WARN_UNUSED_FUNCTION = YES;
				GCC_WARN_UNUSED_VARIABLE = YES;
				IPHONEOS_DEPLOYMENT_TARGET = 26.2;
				LOCALIZATION_PREFERS_STRING_CATALOGS = YES;
				MTL_ENABLE_DEBUG_INFO = NO;
				MTL_FAST_MATH = YES;
				SDKROOT = iphoneos;
				STRING_CATALOG_GENERATE_SYMBOLS = YES;
				SWIFT_COMPILATION_MODE = wholemodule;
				VALIDATE_PRODUCT = YES;
			};
			name = Release;
		};
		ACC4DFC12F1887F30067658A /* Debug */ = {
			isa = XCBuildConfiguration;
			buildSettings = {
				ASSETCATALOG_COMPILER_APPICON_NAME = AppIcon;
				ASSETCATALOG_COMPILER_GLOBAL_ACCENT_COLOR_NAME = AccentColor;
				CODE_SIGN_ENTITLEMENTS = kindling/kindling.entitlements;
				CODE_SIGN_STYLE = Automatic;
				CURRENT_PROJECT_VERSION = 1.01;
				DEVELOPMENT_TEAM = FDX72WZH23;
				ENABLE_PREVIEWS = YES;
				GOOGLE_MAPS_API_KEY = AIzaSyAlNi62vzbdcCRyUbPumh9504VzhrLPU14;
				INFOPLIST_FILE = kindling/Info.plist;
				INFOPLIST_KEY_CFBundleDisplayName = kindling;
				INFOPLIST_KEY_LSApplicationCategoryType = "public.app-category.social-networking";
				INFOPLIST_KEY_UIApplicationSceneManifest_Generation = YES;
				INFOPLIST_KEY_UIApplicationSupportsIndirectInputEvents = YES;
				INFOPLIST_KEY_UILaunchScreen_Generation = YES;
				INFOPLIST_KEY_UISupportedInterfaceOrientations_iPad = "UIInterfaceOrientationPortrait UIInterfaceOrientationPortraitUpsideDown UIInterfaceOrientationLandscapeLeft UIInterfaceOrientationLandscapeRight";
				INFOPLIST_KEY_UISupportedInterfaceOrientations_iPhone = "UIInterfaceOrientationPortrait UIInterfaceOrientationLandscapeLeft UIInterfaceOrientationLandscapeRight";
				LD_RUNPATH_SEARCH_PATHS = (
					"$(inherited)",
					"@executable_path/Frameworks",
				);
				MARKETING_VERSION = 1.01;
				PRODUCT_BUNDLE_IDENTIFIER = janrebolledo.kindling;
				PRODUCT_NAME = "kindling - screenshot gallery";
				STRING_CATALOG_GENERATE_SYMBOLS = YES;
				SUPPORTED_PLATFORMS = "iphoneos iphonesimulator";
				SUPPORTS_MACCATALYST = NO;
				SWIFT_APPROACHABLE_CONCURRENCY = YES;
				SWIFT_DEFAULT_ACTOR_ISOLATION = MainActor;
				SWIFT_EMIT_LOC_STRINGS = YES;
				SWIFT_UPCOMING_FEATURE_MEMBER_IMPORT_VISIBILITY = YES;
				SWIFT_VERSION = 5.0;
				TARGETED_DEVICE_FAMILY = 1;
			};
			name = Debug;
		};
		ACC4DFC22F1887F30067658A /* Release */ = {
			isa = XCBuildConfiguration;
			buildSettings = {
				ASSETCATALOG_COMPILER_APPICON_NAME = AppIcon;
				ASSETCATALOG_COMPILER_GLOBAL_ACCENT_COLOR_NAME = AccentColor;
				CODE_SIGN_ENTITLEMENTS = kindling/kindling.entitlements;
				CODE_SIGN_STYLE = Automatic;
				CURRENT_PROJECT_VERSION = 1.01;
				DEVELOPMENT_TEAM = FDX72WZH23;
				ENABLE_PREVIEWS = YES;
				GOOGLE_MAPS_API_KEY = AIzaSyAlNi62vzbdcCRyUbPumh9504VzhrLPU14;
				INFOPLIST_FILE = kindling/Info.plist;
				INFOPLIST_KEY_CFBundleDisplayName = kindling;
				INFOPLIST_KEY_LSApplicationCategoryType = "public.app-category.social-networking";
				INFOPLIST_KEY_UIApplicationSceneManifest_Generation = YES;
				INFOPLIST_KEY_UIApplicationSupportsIndirectInputEvents = YES;
				INFOPLIST_KEY_UILaunchScreen_Generation = YES;
				INFOPLIST_KEY_UISupportedInterfaceOrientations_iPad = "UIInterfaceOrientationPortrait UIInterfaceOrientationPortraitUpsideDown UIInterfaceOrientationLandscapeLeft UIInterfaceOrientationLandscapeRight";
				INFOPLIST_KEY_UISupportedInterfaceOrientations_iPhone = "UIInterfaceOrientationPortrait UIInterfaceOrientationLandscapeLeft UIInterfaceOrientationLandscapeRight";
				LD_RUNPATH_SEARCH_PATHS = (
					"$(inherited)",
					"@executable_path/Frameworks",
				);
				MARKETING_VERSION = 1.01;
				PRODUCT_BUNDLE_IDENTIFIER = janrebolledo.kindling;
				PRODUCT_NAME = "kindling - screenshot gallery";
				STRING_CATALOG_GENERATE_SYMBOLS = YES;
				SUPPORTED_PLATFORMS = "iphoneos iphonesimulator";
				SUPPORTS_MACCATALYST = NO;
				SWIFT_APPROACHABLE_CONCURRENCY = YES;
				SWIFT_DEFAULT_ACTOR_ISOLATION = MainActor;
				SWIFT_EMIT_LOC_STRINGS = YES;
				SWIFT_UPCOMING_FEATURE_MEMBER_IMPORT_VISIBILITY = YES;
				SWIFT_VERSION = 5.0;
				TARGETED_DEVICE_FAMILY = 1;
			};
			name = Release;
		};
/* End XCBuildConfiguration section */

/* Begin XCConfigurationList section */
		ACC4DFB02F1887F20067658A /* Build configuration list for PBXProject "kindling" */ = {
			isa = XCConfigurationList;
			buildConfigurations = (
				ACC4DFBE2F1887F30067658A /* Debug */,
				ACC4DFBF2F1887F30067658A /* Release */,
			);
			defaultConfigurationIsVisible = 0;
			defaultConfigurationName = Release;
		};
		ACC4DFC02F1887F30067658A /* Build configuration list for PBXNativeTarget "kindling" */ = {
			isa = XCConfigurationList;
			buildConfigurations = (
				ACC4DFC12F1887F30067658A /* Debug */,
				ACC4DFC22F1887F30067658A /* Release */,
			);
			defaultConfigurationIsVisible = 0;
			defaultConfigurationName = Release;
		};
/* End XCConfigurationList section */

/* Begin XCRemoteSwiftPackageReference section */
		ACC4E06F2F189B350067658A /* XCRemoteSwiftPackageReference "supabase-swift" */ = {
			isa = XCRemoteSwiftPackageReference;
			repositoryURL = "https://github.com/supabase/supabase-swift";
			requirement = {
				kind = upToNextMajorVersion;
				minimumVersion = 2.5.1;
			};
		};
		GMS4E07B2F189B350067658A /* XCRemoteSwiftPackageReference "ios-maps-sdk" */ = {
			isa = XCRemoteSwiftPackageReference;
			repositoryURL = "https://github.com/googlemaps/ios-maps-sdk";
			requirement = {
				kind = upToNextMajorVersion;
				minimumVersion = 11.0.0;
			};
		};
		PHG4E07D2F189B350067658A /* XCRemoteSwiftPackageReference "posthog-ios" */ = {
			isa = XCRemoteSwiftPackageReference;
			repositoryURL = "https://github.com/PostHog/posthog-ios.git";
			requirement = {
				kind = upToNextMajorVersion;
				minimumVersion = 3.58.0;
			};
		};
/* End XCRemoteSwiftPackageReference section */

/* Begin XCSwiftPackageProductDependency section */
		ACC4E0702F189B350067658A /* Auth */ = {
			isa = XCSwiftPackageProductDependency;
			package = ACC4E06F2F189B350067658A /* XCRemoteSwiftPackageReference "supabase-swift" */;
			productName = Auth;
		};
		ACC4E0722F189B350067658A /* Functions */ = {
			isa = XCSwiftPackageProductDependency;
			package = ACC4E06F2F189B350067658A /* XCRemoteSwiftPackageReference "supabase-swift" */;
			productName = Functions;
		};
		ACC4E0742F189B350067658A /* PostgREST */ = {
			isa = XCSwiftPackageProductDependency;
			package = ACC4E06F2F189B350067658A /* XCRemoteSwiftPackageReference "supabase-swift" */;
			productName = PostgREST;
		};
		ACC4E0762F189B350067658A /* Realtime */ = {
			isa = XCSwiftPackageProductDependency;
			package = ACC4E06F2F189B350067658A /* XCRemoteSwiftPackageReference "supabase-swift" */;
			productName = Realtime;
		};
		ACC4E0782F189B350067658A /* Storage */ = {
			isa = XCSwiftPackageProductDependency;
			package = ACC4E06F2F189B350067658A /* XCRemoteSwiftPackageReference "supabase-swift" */;
			productName = Storage;
		};
		ACC4E07A2F189B350067658A /* Supabase */ = {
			isa = XCSwiftPackageProductDependency;
			package = ACC4E06F2F189B350067658A /* XCRemoteSwiftPackageReference "supabase-swift" */;
			productName = Supabase;
		};
		GMS4E07C2F189B350067658A /* GoogleMaps */ = {
			isa = XCSwiftPackageProductDependency;
			package = GMS4E07B2F189B350067658A /* XCRemoteSwiftPackageReference "ios-maps-sdk" */;
			productName = GoogleMaps;
		};
		PHG4E07E2F189B350067658A /* PostHog */ = {
			isa = XCSwiftPackageProductDependency;
			package = PHG4E07D2F189B350067658A /* XCRemoteSwiftPackageReference "posthog-ios" */;
			productName = PostHog;
		};
/* End XCSwiftPackageProductDependency section */
	};
	rootObject = ACC4DFAD2F1887F20067658A /* Project object */;
}
